
Microsoft Visual Studio Solution File, Format Version 12.00
# Visual Studio Version 17
VisualStudioVersion = 17.9.34728.123
MinimumVisualStudioVersion = 10.0.40219.1
Project("{FAE04EC0-301F-11D3-BF4B-00C04F79EFBC}") = "PRTK_SlotMachine_23SD_Rico", "PRTK_SlotMachine_23SD_Rico\PRTK_SlotMachine_23SD_Rico.csproj", "{C24C046F-BC7A-4558-8D1B-F47EA2CDA689}"
EndProject
Global
	GlobalSection(SolutionConfigurationPlatforms) = preSolution
		Debug|Any CPU = Debug|Any CPU
		Release|Any CPU = Release|Any CPU
	EndGlobalSection
	GlobalSection(ProjectConfigurationPlatforms) = postSolution
		{C24C046F-BC7A-4558-8D1B-F47EA2CDA689}.Debug|Any CPU.ActiveCfg = Debug|Any CPU
		{C24C046F-BC7A-4558-8D1B-F47EA2CDA689}.Debug|Any CPU.Build.0 = Debug|Any CPU
		{C24C046F-BC7A-4558-8D1B-F47EA2CDA689}.Release|Any CPU.ActiveCfg = Release|Any CPU
		{C24C046F-BC7A-4558-8D1B-F47EA2CDA689}.Release|Any CPU.Build.0 = Release|Any CPU
	EndGlobalSection
	GlobalSection(SolutionProperties) = preSolution
		HideSolutionNode = FALSE
	EndGlobalSection
	GlobalSection(ExtensibilityGlobals) = postSolution
		SolutionGuid = {4CBD8522-B9A9-4371-9FBA-2385FE208ABA}
	EndGlobalSection
EndGlobal
